
Microsoft Visual Studio Solution File, Format Version 12.00
# Visual Studio Version 17
VisualStudioVersion = 17.4.33205.214
MinimumVisualStudioVersion = 10.0.40219.1
Project("{FAE04EC0-301F-11D3-BF4B-00C04F79EFBC}") = "KsDumperClient", "KsDumperClient\KsDumperClient.csproj", "{7881B99D-0B5A-44E7-AF34-80A0ECFFD5DB}"
EndProject
Project("{FAE04EC0-301F-11D3-BF4B-00C04F79EFBC}") = "DarkControls", "..\DarkControls\DarkControls\DarkControls.csproj", "{66C94ACB-63C7-42A3-9D83-A3801CED4F1C}"
EndProject
Global
	GlobalSection(SolutionConfigurationPlatforms) = preSolution
		Debug|Any CPU = Debug|Any CPU
		Debug|x64 = Debug|x64
		Release|Any CPU = Release|Any CPU
		Release|x64 = Release|x64
	EndGlobalSection
	GlobalSection(ProjectConfigurationPlatforms) = postSolution
		{7881B99D-0B5A-44E7-AF34-80A0ECFFD5DB}.Debug|Any CPU.ActiveCfg = Debug|Any CPU
		{7881B99D-0B5A-44E7-AF34-80A0ECFFD5DB}.Debug|Any CPU.Build.0 = Debug|Any CPU
		{7881B99D-0B5A-44E7-AF34-80A0ECFFD5DB}.Debug|x64.ActiveCfg = Debug|x64
		{7881B99D-0B5A-44E7-AF34-80A0ECFFD5DB}.Debug|x64.Build.0 = Debug|x64
		{7881B99D-0B5A-44E7-AF34-80A0ECFFD5DB}.Release|Any CPU.ActiveCfg = Release|Any CPU
		{7881B99D-0B5A-44E7-AF34-80A0ECFFD5DB}.Release|Any CPU.Build.0 = Release|Any CPU
		{7881B99D-0B5A-44E7-AF34-80A0ECFFD5DB}.Release|x64.ActiveCfg = Release|x64
		{7881B99D-0B5A-44E7-AF34-80A0ECFFD5DB}.Release|x64.Build.0 = Release|x64
		{66C94ACB-63C7-42A3-9D83-A3801CED4F1C}.Debug|Any CPU.ActiveCfg = Debug|Any CPU
		{66C94ACB-63C7-42A3-9D83-A3801CED4F1C}.Debug|Any CPU.Build.0 = Debug|Any CPU
		{66C94ACB-63C7-42A3-9D83-A3801CED4F1C}.Debug|x64.ActiveCfg = Debug|x64
		{66C94ACB-63C7-42A3-9D83-A3801CED4F1C}.Debug|x64.Build.0 = Debug|x64
		{66C94ACB-63C7-42A3-9D83-A3801CED4F1C}.Release|Any CPU.ActiveCfg = Release|Any CPU
		{66C94ACB-63C7-42A3-9D83-A3801CED4F1C}.Release|Any CPU.Build.0 = Release|Any CPU
		{66C94ACB-63C7-42A3-9D83-A3801CED4F1C}.Release|x64.ActiveCfg = Release|x64
		{66C94ACB-63C7-42A3-9D83-A3801CED4F1C}.Release|x64.Build.0 = Release|x64
	EndGlobalSection
	GlobalSection(SolutionProperties) = preSolution
		HideSolutionNode = FALSE
	EndGlobalSection
	GlobalSection(ExtensibilityGlobals) = postSolution
		SolutionGuid = {B97C5D1A-00B8-411D-9716-A3805DA64FD6}
	EndGlobalSection
EndGlobal
